github.com/Egot3/supel/backend/contracts v0.1.0 h1:IJHpzZqD7jePKtDAi9XeV4ZO/wZn41f+PQ43ggQKVtE=
github.com/Egot3/supel/backend/contracts v0.1.0/go.mod h1:9naWqrGoRLsjsD3v8UPw7R8xNA3sLbG5ES/7b7lz9ng=
github.com/Egot3/supel/backend/contracts v0.1.1 h1:oNgTyt9l86XkbUFLq3zA3m6X/F9jUPIqWbnoc+B1fjg=
github.com/Egot3/supel/backend/contracts v0.1.1/go.mod h1:9naWqrGoRLsjsD3v8UPw7R8xNA3sLbG5ES/7b7lz9ng=
github.com/Egot3/supel/backend/contracts v0.1.3 h1:1KPTI0epZsou6pGUiwoeFk5xLBEZan1akCAi+F02k5k=
github.com/Egot3/supel/backend/contracts v0.1.3/go.mod h1:9naWqrGoRLsjsD3v8UPw7R8xNA3sLbG5ES/7b7lz9ng=
github.com/Egot3/supel/backend/contracts v0.1.7 h1:v1z7ddIjWQbUP81xeN1nr3I70L7vtVVWyO7i1DWjTp0=
github.com/Egot3/supel/backend/contracts v0.1.7/go.mod h1:9naWqrGoRLsjsD3v8UPw7R8xNA3sLbG5ES/7b7lz9ng=
github.com/Egot3/supel/backend/contracts v0.1.10 h1:QVW2SSRf4ZziKp3LdsV2MBcocm4A/L1BtuSN+pc8uL4=
github.com/Egot3/supel/backend/contracts v0.1.10/go.mod h1:9naWqrGoRLsjsD3v8UPw7R8xNA3sLbG5ES/7b7lz9ng=
github.com/Egot3/supel/backend/contracts v0.1.11 h1:gIHSj0gC05Z9UAKtEY0TVyEM3taAyEEv2wosVPOg6ZM=
github.com/Egot3/supel/backend/contracts v0.1.11/go.mod h1:9naWqrGoRLsjsD3v8UPw7R8xNA3sLbG5ES/7b7lz9ng=
github.com/Egot3/supel/backend/contracts v0.1.12 h1:U4Ac2aFPd4xWCEDMYWAZxnwfCxxd7BOdaWAouwUxeRI=
github.com/Egot3/supel/backend/contracts v0.1.12/go.mod h1:9naWqrGoRLsjsD3v8UPw7R8xNA3sLbG5ES/7b7lz9ng=
github.com/Egot3/supel/backend/contracts v0.1.14 h1:qfZE44rE4lG2JE6oB8C0PlMauCqoPVafHcOUUmtP60Q=
github.com/Egot3/supel/backend/contracts v0.1.14/go.mod h1:9naWqrGoRLsjsD3v8UPw7R8xNA3sLbG5ES/7b7lz9ng=
github.com/Egot3/supel/backend/contracts v0.1.16 h1:WTk6w6MWV8CQeRJZ0aVHe27sk8hMYAuiybQm8zUsE1g=
github.com/Egot3/supel/backend/contracts v0.1.16/go.mod h1:9naWqrGoRLsjsD3v8UPw7R8xNA3sLbG5ES/7b7lz9ng=
github.com/Egot3/supel/backend/contracts v0.1.17 h1:RpagYOwoShy0ShqotgfB+pSQdJA2dZpM7aslQkMf6GY=
github.com/Egot3/supel/backend/contracts v0.1.17/go.mod h1:9naWqrGoRLsjsD3v8UPw7R8xNA3sLbG5ES/7b7lz9ng=
github.com/Egot3/supel/backend/contracts v0.1.18 h1:kZh8DjZvIgFAwdPvl0V1/BWbnV+r9oo9p/6eKRLTULU=
github.com/Egot3/supel/backend/contracts v0.1.18/go.mod h1:9naWqrGoRLsjsD3v8UPw7R8xNA3sLbG5ES/7b7lz9ng=
github.com/Egot3/supel/backend/contracts v0.1.19 h1:vhToY2JZM3nOCRXShkxaXKs0JJZe8xOAYNyWOLV9QIM=
github.com/Egot3/supel/backend/contracts v0.1.19/go.mod h1:9naWqrGoRLsjsD3v8UPw7R8xNA3sLbG5ES/7b7lz9ng=
github.com/Egot3/supel/backend/contracts v0.1.20 h1:6weY8hAEh8YhQcvrpWTXDo4BXqbprXHVeQs3QIcwsuA=
github.com/Egot3/supel/backend/contracts v0.1.20/go.mod h1:9naWqrGoRLsjsD3v8UPw7R8xNA3sLbG5ES/7b7lz9ng=
github.com/Egot3/supel/backend/contracts v0.1.22 h1:XM16Bdmou9ktHcu5rRDOudGrTXdc+bZWAHg1WX4U8tM=
github.com/Egot3/supel/backend/contracts v0.1.22/go.mod h1:9naWqrGoRLsjsD3v8UPw7R8xNA3sLbG5ES/7b7lz9ng=
github.com/Egot3/supel/backend/contracts v0.1.23 h1:nhxkQGYAIf1P7uOUU3yDG+XOU81n9n9IXystpGeIOeQ=
github.com/Egot3/supel/backend/contracts v0.1.23/go.mod h1:9naWqrGoRLsjsD3v8UPw7R8xNA3sLbG5ES/7b7lz9ng=
github.com/Egot3/supel/backend/contracts v0.1.24 h1:oiUxLKkOYe5QI65COAe/TZbdyzIZ8duWt+NNeTMKdUo=
github.com/Egot3/supel/backend/contracts v0.1.24/go.mod h1:9naWqrGoRLsjsD3v8UPw7R8xNA3sLbG5ES/7b7lz9ng=
github.com/Egot3/supel/backend/contracts v0.1.26 h1:JlWK8F2sU2zQDAU1k/i1W5htnPbF4L/OVNsxL5RONjo=
github.com/Egot3/supel/backend/contracts v0.1.26/go.mod h1:9naWqrGoRLsjsD3v8UPw7R8xNA3sLbG5ES/7b7lz9ng=
github.com/Egot3/supel/backend/contracts v0.1.27 h1:NjRea99tszlw3hrRfR4bVMjR7JFSBPbwOswQr5rQ4+c=
github.com/Egot3/supel/backend/contracts v0.1.27/go.mod h1:9naWqrGoRLsjsD3v8UPw7R8xNA3sLbG5ES/7b7lz9ng=
github.com/Egot3/supel/backend/contracts v0.1.28 h1:iRm2TEtVFntBtCDinleIjrz2+NhM9R1gsj4562TM0is=
github.com/Egot3/supel/backend/contracts v0.1.28/go.mod h1:9naWqrGoRLsjsD3v8UPw7R8xNA3sLbG5ES/7b7lz9ng=
github.com/Egot3/supel/backend/contracts v0.2.0 h1:Lu/lU/GLC2V233+4JtEmugEmUFW4Vy/f7UacilmUAx4=
github.com/Egot3/supel/backend/contracts v0.2.0/go.mod h1:9naWqrGoRLsjsD3v8UPw7R8xNA3sLbG5ES/7b7lz9ng=
github.com/Egot3/supel/backend/contracts v0.2.1 h1:2GSh+5CNpSitTYfOnRpvo+LSfiCugK/wCubLxfzVQ5c=
github.com/Egot3/supel/backend/contracts v0.2.1/go.mod h1:9naWqrGoRLsjsD3v8UPw7R8xNA3sLbG5ES/7b7lz9ng=
github.com/cespare/xxhash/v2 v2.3.0 h1:UL815xU9SqsFlibzuggzjXhog7bL6oX9BbNZnL2UFvs=
github.com/cespare/xxhash/v2 v2.3.0/go.mod h1:VGX0DQ3Q6kWi7AoAeZDth3/j3BFtOZR5XLFGgcrjCOs=
github.com/go-logr/logr v1.4.3 h1:CjnDlHq8ikf6E492q6eKboGOC0T8CDaOvkHCIg8idEI=
github.com/go-logr/logr v1.4.3/go.mod h1:9T104GzyrTigFIr8wt5mBrctHMim0Nb2HLGrmQ40KvY=
github.com/go-logr/stdr v1.2.2 h1:hSWxHoqTgW2S2qGc0LTAI563KZ5YKYRhT3MFKZMbjag=
github.com/go-logr/stdr v1.2.2/go.mod h1:mMo/vtBO5dYbehREoey6XUKy/eSumjCCveDpRre4VKE=
github.com/golang/protobuf v1.5.4 h1:i7eJL8qZTpSEXOPTxNKhASYpMn+8e5Q6AdndVa1dWek=
github.com/golang/protobuf v1.5.4/go.mod h1:lnTiLA8Wa4RWRcIUkrtSVa5nRhsEGBg48fD6rSs7xps=
github.com/google/go-cmp v0.7.0 h1:wk8382ETsv4JYUZwIsn6YpYiWiBsYLSJiTsyBybVuN8=
github.com/google/go-cmp v0.7.0/go.mod h1:pXiqmnSA92OHEEa9HXL2W4E7lf9JzCmGVUdgjX3N/iU=
github.com/google/uuid v1.6.0 h1:NIvaJDMOsjHA8n1jAhLSgzrAzy1Hgr+hNrb57e+94F0=
github.com/google/uuid v1.6.0/go.mod h1:TIyPZe4MgqvfeYDBFedMoGGpEw/LqOeaOT+nhxU+yHo=
github.com/grpc-ecosystem/grpc-gateway/v2 v2.28.0 h1:HWRh5R2+9EifMyIHV7ZV+MIZqgz+PMpZ14Jynv3O2Zs=
github.com/grpc-ecosystem/grpc-gateway/v2 v2.28.0/go.mod h1:JfhWUomR1baixubs02l85lZYYOm7LV6om4ceouMv45c=
github.com/rs/cors v1.11.1 h1:eU3gRzXLRK57F5rKMGMZURNdIG4EoAmX8k94r9wXWHA=
github.com/rs/cors v1.11.1/go.mod h1:XyqrcTp5zjWr1wsJ8PIRZssZ8b/WMcMf71DJnit4EMU=
go.opentelemetry.io/auto/sdk v1.2.1 h1:jXsnJ4Lmnqd11kwkBV2LgLoFMZKizbCi5fNZ/ipaZ64=
go.opentelemetry.io/auto/sdk v1.2.1/go.mod h1:KRTj+aOaElaLi+wW1kO/DZRXwkF4C5xPbEe3ZiIhN7Y=
go.opentelemetry.io/otel v1.40.0 h1:oA5YeOcpRTXq6NN7frwmwFR0Cn3RhTVZvXsP4duvCms=
go.opentelemetry.io/otel v1.40.0/go.mod h1:IMb+uXZUKkMXdPddhwAHm6UfOwJyh4ct1ybIlV14J0g=
go.opentelemetry.io/otel/metric v1.40.0 h1:rcZe317KPftE2rstWIBitCdVp89A2HqjkxR3c11+p9g=
go.opentelemetry.io/otel/metric v1.40.0/go.mod h1:ib/crwQH7N3r5kfiBZQbwrTge743UDc7DTFVZrrXnqc=
go.opentelemetry.io/otel/sdk v1.39.0 h1:nMLYcjVsvdui1B/4FRkwjzoRVsMK8uL/cj0OyhKzt18=
go.opentelemetry.io/otel/sdk v1.39.0/go.mod h1:vDojkC4/jsTJsE+kh+LXYQlbL8CgrEcwmt1ENZszdJE=
go.opentelemetry.io/otel/sdk/metric v1.39.0 h1:cXMVVFVgsIf2YL6QkRF4Urbr/aMInf+2WKg+sEJTtB8=
go.opentelemetry.io/otel/sdk/metric v1.39.0/go.mod h1:xq9HEVH7qeX69/JnwEfp6fVq5wosJsY1mt4lLfYdVew=
go.opentelemetry.io/otel/trace v1.40.0 h1:WA4etStDttCSYuhwvEa8OP8I5EWu24lkOzp+ZYblVjw=
go.opentelemetry.io/otel/trace v1.40.0/go.mod h1:zeAhriXecNGP/s2SEG3+Y8X9ujcJOTqQ5RgdEJcawiA=
golang.org/x/net v0.49.0 h1:eeHFmOGUTtaaPSGNmjBKpbng9MulQsJURQUAfUwY++o=
golang.org/x/net v0.49.0/go.mod h1:/ysNB2EvaqvesRkuLAyjI1ycPZlQHM3q01F02UY/MV8=
golang.org/x/sys v0.41.0 h1:Ivj+2Cp/ylzLiEU89QhWblYnOE9zerudt9Ftecq2C6k=
golang.org/x/sys v0.41.0/go.mod h1:OgkHotnGiDImocRcuBABYBEXf8A9a87e/uXjp9XT3ks=
golang.org/x/text v0.34.0 h1:oL/Qq0Kdaqxa1KbNeMKwQq0reLCCaFtqu2eNuSeNHbk=
golang.org/x/text v0.34.0/go.mod h1:homfLqTYRFyVYemLBFl5GgL/DWEiH5wcsQ5gSh1yziA=
gonum.org/v1/gonum v0.17.0 h1:VbpOemQlsSMrYmn7T2OUvQ4dqxQXU+ouZFQsZOx50z4=
gonum.org/v1/gonum v0.17.0/go.mod h1:El3tOrEuMpv2UdMrbNlKEh9vd86bmQ6vqIcDwxEOc1E=
google.golang.org/genproto/googleapis/api v0.0.0-20260209200024-4cfbd4190f57 h1:JLQynH/LBHfCTSbDWl+py8C+Rg/k1OVH3xfcaiANuF0=
google.golang.org/genproto/googleapis/api v0.0.0-20260209200024-4cfbd4190f57/go.mod h1:kSJwQxqmFXeo79zOmbrALdflXQeAYcUbgS7PbpMknCY=
google.golang.org/genproto/googleapis/rpc v0.0.0-20260209200024-4cfbd4190f57 h1:mWPCjDEyshlQYzBpMNHaEof6UX1PmHcaUODUywQ0uac=
google.golang.org/genproto/googleapis/rpc v0.0.0-20260209200024-4cfbd4190f57/go.mod h1:j9x/tPzZkyxcgEFkiKEEGxfvyumM01BEtsW8xzOahRQ=
google.golang.org/grpc v1.80.0 h1:Xr6m2WmWZLETvUNvIUmeD5OAagMw3FiKmMlTdViWsHM=
google.golang.org/grpc v1.80.0/go.mod h1:ho/dLnxwi3EDJA4Zghp7k2Ec1+c2jqup0bFkw07bwF4=
google.golang.org/protobuf v1.36.11 h1:fV6ZwhNocDyBLK0dj+fg8ektcVegBBuEolpbTQyBNVE=
google.golang.org/protobuf v1.36.11/go.mod h1:HTf+CrKn2C3g5S8VImy6tdcUvCska2kB7j23XfzDpco=
